
Microsoft Visual Studio Solution File, Format Version 12.00
# Visual Studio Version 16
VisualStudioVersion = 16.0.28922.388
MinimumVisualStudioVersion = 10.0.40219.1
Project("{2150E333-8FDC-42A3-9474-1A3956D46DE8}") = "CleanArchitecture.Application", "CleanArchitecture.Application", "{69E930F3-35D8-4A4C-B60F-E39CD2E7CB8F}"
EndProject
Project("{2150E333-8FDC-42A3-9474-1A3956D46DE8}") = "CleanArchitecture.Domain", "CleanArchitecture.Domain", "{D4D2CBAA-01CD-4567-905C-2E61B2F77DFD}"
EndProject
Project("{2150E333-8FDC-42A3-9474-1A3956D46DE8}") = "CleanArchitecture.Infrastructure.IoC", "CleanArchitecture.Infrastructure.IoC", "{E00954C1-22D4-47DF-884D-106D13C490EC}"
EndProject
Project("{2150E333-8FDC-42A3-9474-1A3956D46DE8}") = "CleanArchitecture.Infrastructure.Data", "CleanArchitecture.Infrastructure.Data", "{7E440A7B-A1B1-471F-A518-0D72C579F346}"
EndProject
Project("{2150E333-8FDC-42A3-9474-1A3956D46DE8}") = "CleanArchitecture.UI.Mvc", "CleanArchitecture.UI.Mvc", "{363FEDF7-8782-4E10-989E-493C226492AF}"
EndProject
Global
	GlobalSection(SolutionProperties) = preSolution
		HideSolutionNode = FALSE
	EndGlobalSection
	GlobalSection(ExtensibilityGlobals) = postSolution
		SolutionGuid = {08E5F3E3-80E9-4BC0-B781-C39A1045303A}
	EndGlobalSection
EndGlobal
